
Microsoft Visual Studio Solution File, Format Version 11.00
# Visual Studio 2010
Project("{FAE04EC0-301F-11D3-BF4B-00C04F79EFBC}") = "ReadExcelFile", "ReadExcelFile\ReadExcelFile.csproj", "{87391458-AEE7-4FF8-8230-5C7D73EAC591}"
EndProject
Project("{FAE04EC0-301F-11D3-BF4B-00C04F79EFBC}") = "GetCountryCarriers", "GetCountryCodes\GetCountryCarriers.csproj", "{810298B5-2DCC-4180-A557-36A13C9755BC}"
EndProject
Project("{FAE04EC0-301F-11D3-BF4B-00C04F79EFBC}") = "ReadExcel", "ReadExcel\ReadExcel.csproj", "{538019B4-E380-44EA-ADB1-2A78B9B286FE}"
EndProject
Project("{FAE04EC0-301F-11D3-BF4B-00C04F79EFBC}") = "ReadDailyReportDB", "ReadDailyReportDB\ReadDailyReportDB.csproj", "{E3DAA620-3A51-44F9-B389-89D4C0769A3A}"
EndProject
Global
	GlobalSection(SolutionConfigurationPlatforms) = preSolution
		CD_ROM|Any CPU = CD_ROM|Any CPU
		CD_ROM|Mixed Platforms = CD_ROM|Mixed Platforms
		CD_ROM|x86 = CD_ROM|x86
		Custom|Any CPU = Custom|Any CPU
		Custom|Mixed Platforms = Custom|Mixed Platforms
		Custom|x86 = Custom|x86
		Debug|Any CPU = Debug|Any CPU
		Debug|Mixed Platforms = Debug|Mixed Platforms
		Debug|x86 = Debug|x86
		DVD-10|Any CPU = DVD-10|Any CPU
		DVD-10|Mixed Platforms = DVD-10|Mixed Platforms
		DVD-10|x86 = DVD-10|x86
		DVD-18|Any CPU = DVD-18|Any CPU
		DVD-18|Mixed Platforms = DVD-18|Mixed Platforms
		DVD-18|x86 = DVD-18|x86
		DVD-5|Any CPU = DVD-5|Any CPU
		DVD-5|Mixed Platforms = DVD-5|Mixed Platforms
		DVD-5|x86 = DVD-5|x86
		DVD-9|Any CPU = DVD-9|Any CPU
		DVD-9|Mixed Platforms = DVD-9|Mixed Platforms
		DVD-9|x86 = DVD-9|x86
		Release|Any CPU = Release|Any CPU
		Release|Mixed Platforms = Release|Mixed Platforms
		Release|x86 = Release|x86
		SingleImage|Any CPU = SingleImage|Any CPU
		SingleImage|Mixed Platforms = SingleImage|Mixed Platforms
		SingleImage|x86 = SingleImage|x86
		WebDeployment|Any CPU = WebDeployment|Any CPU
		WebDeployment|Mixed Platforms = WebDeployment|Mixed Platforms
		WebDeployment|x86 = WebDeployment|x86
	EndGlobalSection
	GlobalSection(ProjectConfigurationPlatforms) = postSolution
		{87391458-AEE7-4FF8-8230-5C7D73EAC591}.CD_ROM|Any CPU.ActiveCfg = Release|x86
		{87391458-AEE7-4FF8-8230-5C7D73EAC591}.CD_ROM|Mixed Platforms.ActiveCfg = Release|x86
		{87391458-AEE7-4FF8-8230-5C7D73EAC591}.CD_ROM|Mixed Platforms.Build.0 = Release|x86
		{87391458-AEE7-4FF8-8230-5C7D73EAC591}.CD_ROM|x86.ActiveCfg = Release|x86
		{87391458-AEE7-4FF8-8230-5C7D73EAC591}.CD_ROM|x86.Build.0 = Release|x86
		{87391458-AEE7-4FF8-8230-5C7D73EAC591}.Custom|Any CPU.ActiveCfg = Release|x86
		{87391458-AEE7-4FF8-8230-5C7D73EAC591}.Custom|Mixed Platforms.ActiveCfg = Release|x86
		{87391458-AEE7-4FF8-8230-5C7D73EAC591}.Custom|Mixed Platforms.Build.0 = Release|x86
		{87391458-AEE7-4FF8-8230-5C7D73EAC591}.Custom|x86.ActiveCfg = Release|x86
		{87391458-AEE7-4FF8-8230-5C7D73EAC591}.Custom|x86.Build.0 = Release|x86
		{87391458-AEE7-4FF8-8230-5C7D73EAC591}.Debug|Any CPU.ActiveCfg = Debug|x86
		{87391458-AEE7-4FF8-8230-5C7D73EAC591}.Debug|Mixed Platforms.ActiveCfg = Debug|x86
		{87391458-AEE7-4FF8-8230-5C7D73EAC591}.Debug|Mixed Platforms.Build.0 = Debug|x86
		{87391458-AEE7-4FF8-8230-5C7D73EAC591}.Debug|x86.ActiveCfg = Debug|x86
		{87391458-AEE7-4FF8-8230-5C7D73EAC591}.Debug|x86.Build.0 = Debug|x86
		{87391458-AEE7-4FF8-8230-5C7D73EAC591}.DVD-10|Any CPU.ActiveCfg = Debug|x86
		{87391458-AEE7-4FF8-8230-5C7D73EAC591}.DVD-10|Mixed Platforms.ActiveCfg = Debug|x86
		{87391458-AEE7-4FF8-8230-5C7D73EAC591}.DVD-10|Mixed Platforms.Build.0 = Debug|x86
		{87391458-AEE7-4FF8-8230-5C7D73EAC591}.DVD-10|x86.ActiveCfg = Debug|x86
		{87391458-AEE7-4FF8-8230-5C7D73EAC591}.DVD-10|x86.Build.0 = Debug|x86
		{87391458-AEE7-4FF8-8230-5C7D73EAC591}.DVD-18|Any CPU.ActiveCfg = Debug|x86
		{87391458-AEE7-4FF8-8230-5C7D73EAC591}.DVD-18|Mixed Platforms.ActiveCfg = Debug|x86
		{87391458-AEE7-4FF8-8230-5C7D73EAC591}.DVD-18|Mixed Platforms.Build.0 = Debug|x86
		{87391458-AEE7-4FF8-8230-5C7D73EAC591}.DVD-18|x86.ActiveCfg = Debug|x86
		{87391458-AEE7-4FF8-8230-5C7D73EAC591}.DVD-18|x86.Build.0 = Debug|x86
		{87391458-AEE7-4FF8-8230-5C7D73EAC591}.DVD-5|Any CPU.ActiveCfg = Debug|x86
		{87391458-AEE7-4FF8-8230-5C7D73EAC591}.DVD-5|Mixed Platforms.ActiveCfg = Debug|x86
		{87391458-AEE7-4FF8-8230-5C7D73EAC591}.DVD-5|Mixed Platforms.Build.0 = Debug|x86
		{87391458-AEE7-4FF8-8230-5C7D73EAC591}.DVD-5|x86.ActiveCfg = Debug|x86
		{87391458-AEE7-4FF8-8230-5C7D73EAC591}.DVD-5|x86.Build.0 = Debug|x86
		{87391458-AEE7-4FF8-8230-5C7D73EAC591}.DVD-9|Any CPU.ActiveCfg = Debug|x86
		{87391458-AEE7-4FF8-8230-5C7D73EAC591}.DVD-9|Mixed Platforms.ActiveCfg = Debug|x86
		{87391458-AEE7-4FF8-8230-5C7D73EAC591}.DVD-9|Mixed Platforms.Build.0 = Debug|x86
		{87391458-AEE7-4FF8-8230-5C7D73EAC591}.DVD-9|x86.ActiveCfg = Debug|x86
		{87391458-AEE7-4FF8-8230-5C7D73EAC591}.DVD-9|x86.Build.0 = Debug|x86
		{87391458-AEE7-4FF8-8230-5C7D73EAC591}.Release|Any CPU.ActiveCfg = Release|x86
		{87391458-AEE7-4FF8-8230-5C7D73EAC591}.Release|Mixed Platforms.ActiveCfg = Release|x86
		{87391458-AEE7-4FF8-8230-5C7D73EAC591}.Release|Mixed Platforms.Build.0 = Release|x86
		{87391458-AEE7-4FF8-8230-5C7D73EAC591}.Release|x86.ActiveCfg = Release|x86
		{87391458-AEE7-4FF8-8230-5C7D73EAC591}.Release|x86.Build.0 = Release|x86
		{87391458-AEE7-4FF8-8230-5C7D73EAC591}.SingleImage|Any CPU.ActiveCfg = Release|x86
		{87391458-AEE7-4FF8-8230-5C7D73EAC591}.SingleImage|Mixed Platforms.ActiveCfg = Release|x86
		{87391458-AEE7-4FF8-8230-5C7D73EAC591}.SingleImage|Mixed Platforms.Build.0 = Release|x86
		{87391458-AEE7-4FF8-8230-5C7D73EAC591}.SingleImage|x86.ActiveCfg = Release|x86
		{87391458-AEE7-4FF8-8230-5C7D73EAC591}.SingleImage|x86.Build.0 = Release|x86
		{87391458-AEE7-4FF8-8230-5C7D73EAC591}.WebDeployment|Any CPU.ActiveCfg = Release|x86
		{87391458-AEE7-4FF8-8230-5C7D73EAC591}.WebDeployment|Mixed Platforms.ActiveCfg = Release|x86
		{87391458-AEE7-4FF8-8230-5C7D73EAC591}.WebDeployment|Mixed Platforms.Build.0 = Release|x86
		{87391458-AEE7-4FF8-8230-5C7D73EAC591}.WebDeployment|x86.ActiveCfg = Release|x86
		{87391458-AEE7-4FF8-8230-5C7D73EAC591}.WebDeployment|x86.Build.0 = Release|x86
		{810298B5-2DCC-4180-A557-36A13C9755BC}.CD_ROM|Any CPU.ActiveCfg = Release|x86
		{810298B5-2DCC-4180-A557-36A13C9755BC}.CD_ROM|Mixed Platforms.ActiveCfg = Release|x86
		{810298B5-2DCC-4180-A557-36A13C9755BC}.CD_ROM|Mixed Platforms.Build.0 = Release|x86
		{810298B5-2DCC-4180-A557-36A13C9755BC}.CD_ROM|x86.ActiveCfg = Release|x86
		{810298B5-2DCC-4180-A557-36A13C9755BC}.CD_ROM|x86.Build.0 = Release|x86
		{810298B5-2DCC-4180-A557-36A13C9755BC}.Custom|Any CPU.ActiveCfg = Release|x86
		{810298B5-2DCC-4180-A557-36A13C9755BC}.Custom|Mixed Platforms.ActiveCfg = Release|x86
		{810298B5-2DCC-4180-A557-36A13C9755BC}.Custom|Mixed Platforms.Build.0 = Release|x86
		{810298B5-2DCC-4180-A557-36A13C9755BC}.Custom|x86.ActiveCfg = Release|x86
		{810298B5-2DCC-4180-A557-36A13C9755BC}.Custom|x86.Build.0 = Release|x86
		{810298B5-2DCC-4180-A557-36A13C9755BC}.Debug|Any CPU.ActiveCfg = Debug|x86
		{810298B5-2DCC-4180-A557-36A13C9755BC}.Debug|Mixed Platforms.ActiveCfg = Debug|x86
		{810298B5-2DCC-4180-A557-36A13C9755BC}.Debug|Mixed Platforms.Build.0 = Debug|x86
		{810298B5-2DCC-4180-A557-36A13C9755BC}.Debug|x86.ActiveCfg = Debug|x86
		{810298B5-2DCC-4180-A557-36A13C9755BC}.Debug|x86.Build.0 = Debug|x86
		{810298B5-2DCC-4180-A557-36A13C9755BC}.DVD-10|Any CPU.ActiveCfg = Debug|x86
		{810298B5-2DCC-4180-A557-36A13C9755BC}.DVD-10|Mixed Platforms.ActiveCfg = Debug|x86
		{810298B5-2DCC-4180-A557-36A13C9755BC}.DVD-10|Mixed Platforms.Build.0 = Debug|x86
		{810298B5-2DCC-4180-A557-36A13C9755BC}.DVD-10|x86.ActiveCfg = Debug|x86
		{810298B5-2DCC-4180-A557-36A13C9755BC}.DVD-10|x86.Build.0 = Debug|x86
		{810298B5-2DCC-4180-A557-36A13C9755BC}.DVD-18|Any CPU.ActiveCfg = Debug|x86
		{810298B5-2DCC-4180-A557-36A13C9755BC}.DVD-18|Mixed Platforms.ActiveCfg = Debug|x86
		{810298B5-2DCC-4180-A557-36A13C9755BC}.DVD-18|Mixed Platforms.Build.0 = Debug|x86
		{810298B5-2DCC-4180-A557-36A13C9755BC}.DVD-18|x86.ActiveCfg = Debug|x86
		{810298B5-2DCC-4180-A557-36A13C9755BC}.DVD-18|x86.Build.0 = Debug|x86
		{810298B5-2DCC-4180-A557-36A13C9755BC}.DVD-5|Any CPU.ActiveCfg = Debug|x86
		{810298B5-2DCC-4180-A557-36A13C9755BC}.DVD-5|Mixed Platforms.ActiveCfg = Debug|x86
		{810298B5-2DCC-4180-A557-36A13C9755BC}.DVD-5|Mixed Platforms.Build.0 = Debug|x86
		{810298B5-2DCC-4180-A557-36A13C9755BC}.DVD-5|x86.ActiveCfg = Debug|x86
		{810298B5-2DCC-4180-A557-36A13C9755BC}.DVD-5|x86.Build.0 = Debug|x86
		{810298B5-2DCC-4180-A557-36A13C9755BC}.DVD-9|Any CPU.ActiveCfg = Debug|x86
		{810298B5-2DCC-4180-A557-36A13C9755BC}.DVD-9|Mixed Platforms.ActiveCfg = Debug|x86
		{810298B5-2DCC-4180-A557-36A13C9755BC}.DVD-9|Mixed Platforms.Build.0 = Debug|x86
		{810298B5-2DCC-4180-A557-36A13C9755BC}.DVD-9|x86.ActiveCfg = Debug|x86
		{810298B5-2DCC-4180-A557-36A13C9755BC}.DVD-9|x86.Build.0 = Debug|x86
		{810298B5-2DCC-4180-A557-36A13C9755BC}.Release|Any CPU.ActiveCfg = Release|x86
		{810298B5-2DCC-4180-A557-36A13C9755BC}.Release|Mixed Platforms.ActiveCfg = Release|x86
		{810298B5-2DCC-4180-A557-36A13C9755BC}.Release|Mixed Platforms.Build.0 = Release|x86
		{810298B5-2DCC-4180-A557-36A13C9755BC}.Release|x86.ActiveCfg = Release|x86
		{810298B5-2DCC-4180-A557-36A13C9755BC}.Release|x86.Build.0 = Release|x86
		{810298B5-2DCC-4180-A557-36A13C9755BC}.SingleImage|Any CPU.ActiveCfg = Release|x86
		{810298B5-2DCC-4180-A557-36A13C9755BC}.SingleImage|Mixed Platforms.ActiveCfg = Release|x86
		{810298B5-2DCC-4180-A557-36A13C9755BC}.SingleImage|Mixed Platforms.Build.0 = Release|x86
		{810298B5-2DCC-4180-A557-36A13C9755BC}.SingleImage|x86.ActiveCfg = Release|x86
		{810298B5-2DCC-4180-A557-36A13C9755BC}.SingleImage|x86.Build.0 = Release|x86
		{810298B5-2DCC-4180-A557-36A13C9755BC}.WebDeployment|Any CPU.ActiveCfg = Release|x86
		{810298B5-2DCC-4180-A557-36A13C9755BC}.WebDeployment|Mixed Platforms.ActiveCfg = Release|x86
		{810298B5-2DCC-4180-A557-36A13C9755BC}.WebDeployment|Mixed Platforms.Build.0 = Release|x86
		{810298B5-2DCC-4180-A557-36A13C9755BC}.WebDeployment|x86.ActiveCfg = Release|x86
		{810298B5-2DCC-4180-A557-36A13C9755BC}.WebDeployment|x86.Build.0 = Release|x86
		{538019B4-E380-44EA-ADB1-2A78B9B286FE}.CD_ROM|Any CPU.ActiveCfg = Release|Any CPU
		{538019B4-E380-44EA-ADB1-2A78B9B286FE}.CD_ROM|Any CPU.Build.0 = Release|Any CPU
		{538019B4-E380-44EA-ADB1-2A78B9B286FE}.CD_ROM|Mixed Platforms.ActiveCfg = Release|Any CPU
		{538019B4-E380-44EA-ADB1-2A78B9B286FE}.CD_ROM|Mixed Platforms.Build.0 = Release|Any CPU
		{538019B4-E380-44EA-ADB1-2A78B9B286FE}.CD_ROM|x86.ActiveCfg = Release|Any CPU
		{538019B4-E380-44EA-ADB1-2A78B9B286FE}.Custom|Any CPU.ActiveCfg = Release|Any CPU
		{538019B4-E380-44EA-ADB1-2A78B9B286FE}.Custom|Any CPU.Build.0 = Release|Any CPU
		{538019B4-E380-44EA-ADB1-2A78B9B286FE}.Custom|Mixed Platforms.ActiveCfg = Release|Any CPU
		{538019B4-E380-44EA-ADB1-2A78B9B286FE}.Custom|Mixed Platforms.Build.0 = Release|Any CPU
		{538019B4-E380-44EA-ADB1-2A78B9B286FE}.Custom|x86.ActiveCfg = Release|Any CPU
		{538019B4-E380-44EA-ADB1-2A78B9B286FE}.Debug|Any CPU.ActiveCfg = Debug|Any CPU
		{538019B4-E380-44EA-ADB1-2A78B9B286FE}.Debug|Any CPU.Build.0 = Debug|Any CPU
		{538019B4-E380-44EA-ADB1-2A78B9B286FE}.Debug|Mixed Platforms.ActiveCfg = Debug|Any CPU
		{538019B4-E380-44EA-ADB1-2A78B9B286FE}.Debug|Mixed Platforms.Build.0 = Debug|Any CPU
		{538019B4-E380-44EA-ADB1-2A78B9B286FE}.Debug|x86.ActiveCfg = Debug|Any CPU
		{538019B4-E380-44EA-ADB1-2A78B9B286FE}.DVD-10|Any CPU.ActiveCfg = Debug|Any CPU
		{538019B4-E380-44EA-ADB1-2A78B9B286FE}.DVD-10|Any CPU.Build.0 = Debug|Any CPU
		{538019B4-E380-44EA-ADB1-2A78B9B286FE}.DVD-10|Mixed Platforms.ActiveCfg = Debug|Any CPU
		{538019B4-E380-44EA-ADB1-2A78B9B286FE}.DVD-10|Mixed Platforms.Build.0 = Debug|Any CPU
		{538019B4-E380-44EA-ADB1-2A78B9B286FE}.DVD-10|x86.ActiveCfg = Debug|Any CPU
		{538019B4-E380-44EA-ADB1-2A78B9B286FE}.DVD-18|Any CPU.ActiveCfg = Debug|Any CPU
		{538019B4-E380-44EA-ADB1-2A78B9B286FE}.DVD-18|Any CPU.Build.0 = Debug|Any CPU
		{538019B4-E380-44EA-ADB1-2A78B9B286FE}.DVD-18|Mixed Platforms.ActiveCfg = Debug|Any CPU
		{538019B4-E380-44EA-ADB1-2A78B9B286FE}.DVD-18|Mixed Platforms.Build.0 = Debug|Any CPU
		{538019B4-E380-44EA-ADB1-2A78B9B286FE}.DVD-18|x86.ActiveCfg = Debug|Any CPU
		{538019B4-E380-44EA-ADB1-2A78B9B286FE}.DVD-5|Any CPU.ActiveCfg = Debug|Any CPU
		{538019B4-E380-44EA-ADB1-2A78B9B286FE}.DVD-5|Any CPU.Build.0 = Debug|Any CPU
		{538019B4-E380-44EA-ADB1-2A78B9B286FE}.DVD-5|Mixed Platforms.ActiveCfg = Debug|Any CPU
		{538019B4-E380-44EA-ADB1-2A78B9B286FE}.DVD-5|Mixed Platforms.Build.0 = Debug|Any CPU
		{538019B4-E380-44EA-ADB1-2A78B9B286FE}.DVD-5|x86.ActiveCfg = Debug|Any CPU
		{538019B4-E380-44EA-ADB1-2A78B9B286FE}.DVD-9|Any CPU.ActiveCfg = Debug|Any CPU
		{538019B4-E380-44EA-ADB1-2A78B9B286FE}.DVD-9|Any CPU.Build.0 = Debug|Any CPU
		{538019B4-E380-44EA-ADB1-2A78B9B286FE}.DVD-9|Mixed Platforms.ActiveCfg = Debug|Any CPU
		{538019B4-E380-44EA-ADB1-2A78B9B286FE}.DVD-9|Mixed Platforms.Build.0 = Debug|Any CPU
		{538019B4-E380-44EA-ADB1-2A78B9B286FE}.DVD-9|x86.ActiveCfg = Debug|Any CPU
		{538019B4-E380-44EA-ADB1-2A78B9B286FE}.Release|Any CPU.ActiveCfg = Release|Any CPU
		{538019B4-E380-44EA-ADB1-2A78B9B286FE}.Release|Any CPU.Build.0 = Release|Any CPU
		{538019B4-E380-44EA-ADB1-2A78B9B286FE}.Release|Mixed Platforms.ActiveCfg = Release|Any CPU
		{538019B4-E380-44EA-ADB1-2A78B9B286FE}.Release|Mixed Platforms.Build.0 = Release|Any CPU
		{538019B4-E380-44EA-ADB1-2A78B9B286FE}.Release|x86.ActiveCfg = Release|Any CPU
		{538019B4-E380-44EA-ADB1-2A78B9B286FE}.SingleImage|Any CPU.ActiveCfg = Release|Any CPU
		{538019B4-E380-44EA-ADB1-2A78B9B286FE}.SingleImage|Any CPU.Build.0 = Release|Any CPU
		{538019B4-E380-44EA-ADB1-2A78B9B286FE}.SingleImage|Mixed Platforms.ActiveCfg = Release|Any CPU
		{538019B4-E380-44EA-ADB1-2A78B9B286FE}.SingleImage|Mixed Platforms.Build.0 = Release|Any CPU
		{538019B4-E380-44EA-ADB1-2A78B9B286FE}.SingleImage|x86.ActiveCfg = Release|Any CPU
		{538019B4-E380-44EA-ADB1-2A78B9B286FE}.WebDeployment|Any CPU.ActiveCfg = Release|Any CPU
		{538019B4-E380-44EA-ADB1-2A78B9B286FE}.WebDeployment|Any CPU.Build.0 = Release|Any CPU
		{538019B4-E380-44EA-ADB1-2A78B9B286FE}.WebDeployment|Mixed Platforms.ActiveCfg = Release|Any CPU
		{538019B4-E380-44EA-ADB1-2A78B9B286FE}.WebDeployment|Mixed Platforms.Build.0 = Release|Any CPU
		{538019B4-E380-44EA-ADB1-2A78B9B286FE}.WebDeployment|x86.ActiveCfg = Release|Any CPU
		{E3DAA620-3A51-44F9-B389-89D4C0769A3A}.CD_ROM|Any CPU.ActiveCfg = Release|x86
		{E3DAA620-3A51-44F9-B389-89D4C0769A3A}.CD_ROM|Mixed Platforms.ActiveCfg = Release|x86
		{E3DAA620-3A51-44F9-B389-89D4C0769A3A}.CD_ROM|Mixed Platforms.Build.0 = Release|x86
		{E3DAA620-3A51-44F9-B389-89D4C0769A3A}.CD_ROM|x86.ActiveCfg = Release|x86
		{E3DAA620-3A51-44F9-B389-89D4C0769A3A}.CD_ROM|x86.Build.0 = Release|x86
		{E3DAA620-3A51-44F9-B389-89D4C0769A3A}.Custom|Any CPU.ActiveCfg = Release|x86
		{E3DAA620-3A51-44F9-B389-89D4C0769A3A}.Custom|Mixed Platforms.ActiveCfg = Release|x86
		{E3DAA620-3A51-44F9-B389-89D4C0769A3A}.Custom|Mixed Platforms.Build.0 = Release|x86
		{E3DAA620-3A51-44F9-B389-89D4C0769A3A}.Custom|x86.ActiveCfg = Release|x86
		{E3DAA620-3A51-44F9-B389-89D4C0769A3A}.Custom|x86.Build.0 = Release|x86
		{E3DAA620-3A51-44F9-B389-89D4C0769A3A}.Debug|Any CPU.ActiveCfg = Debug|x86
		{E3DAA620-3A51-44F9-B389-89D4C0769A3A}.Debug|Mixed Platforms.ActiveCfg = Debug|x86
		{E3DAA620-3A51-44F9-B389-89D4C0769A3A}.Debug|Mixed Platforms.Build.0 = Debug|x86
		{E3DAA620-3A51-44F9-B389-89D4C0769A3A}.Debug|x86.ActiveCfg = Debug|x86
		{E3DAA620-3A51-44F9-B389-89D4C0769A3A}.Debug|x86.Build.0 = Debug|x86
		{E3DAA620-3A51-44F9-B389-89D4C0769A3A}.DVD-10|Any CPU.ActiveCfg = Debug|x86
		{E3DAA620-3A51-44F9-B389-89D4C0769A3A}.DVD-10|Mixed Platforms.ActiveCfg = Debug|x86
		{E3DAA620-3A51-44F9-B389-89D4C0769A3A}.DVD-10|Mixed Platforms.Build.0 = Debug|x86
		{E3DAA620-3A51-44F9-B389-89D4C0769A3A}.DVD-10|x86.ActiveCfg = Debug|x86
		{E3DAA620-3A51-44F9-B389-89D4C0769A3A}.DVD-10|x86.Build.0 = Debug|x86
		{E3DAA620-3A51-44F9-B389-89D4C0769A3A}.DVD-18|Any CPU.ActiveCfg = Debug|x86
		{E3DAA620-3A51-44F9-B389-89D4C0769A3A}.DVD-18|Mixed Platforms.ActiveCfg = Debug|x86
		{E3DAA620-3A51-44F9-B389-89D4C0769A3A}.DVD-18|Mixed Platforms.Build.0 = Debug|x86
		{E3DAA620-3A51-44F9-B389-89D4C0769A3A}.DVD-18|x86.ActiveCfg = Debug|x86
		{E3DAA620-3A51-44F9-B389-89D4C0769A3A}.DVD-18|x86.Build.0 = Debug|x86
		{E3DAA620-3A51-44F9-B389-89D4C0769A3A}.DVD-5|Any CPU.ActiveCfg = Debug|x86
		{E3DAA620-3A51-44F9-B389-89D4C0769A3A}.DVD-5|Mixed Platforms.ActiveCfg = Debug|x86
		{E3DAA620-3A51-44F9-B389-89D4C0769A3A}.DVD-5|Mixed Platforms.Build.0 = Debug|x86
		{E3DAA620-3A51-44F9-B389-89D4C0769A3A}.DVD-5|x86.ActiveCfg = Debug|x86
		{E3DAA620-3A51-44F9-B389-89D4C0769A3A}.DVD-5|x86.Build.0 = Debug|x86
		{E3DAA620-3A51-44F9-B389-89D4C0769A3A}.DVD-9|Any CPU.ActiveCfg = Debug|x86
		{E3DAA620-3A51-44F9-B389-89D4C0769A3A}.DVD-9|Mixed Platforms.ActiveCfg = Debug|x86
		{E3DAA620-3A51-44F9-B389-89D4C0769A3A}.DVD-9|Mixed Platforms.Build.0 = Debug|x86
		{E3DAA620-3A51-44F9-B389-89D4C0769A3A}.DVD-9|x86.ActiveCfg = Debug|x86
		{E3DAA620-3A51-44F9-B389-89D4C0769A3A}.DVD-9|x86.Build.0 = Debug|x86
		{E3DAA620-3A51-44F9-B389-89D4C0769A3A}.Release|Any CPU.ActiveCfg = Release|x86
		{E3DAA620-3A51-44F9-B389-89D4C0769A3A}.Release|Mixed Platforms.ActiveCfg = Release|x86
		{E3DAA620-3A51-44F9-B389-89D4C0769A3A}.Release|Mixed Platforms.Build.0 = Release|x86
		{E3DAA620-3A51-44F9-B389-89D4C0769A3A}.Release|x86.ActiveCfg = Release|x86
		{E3DAA620-3A51-44F9-B389-89D4C0769A3A}.Release|x86.Build.0 = Release|x86
		{E3DAA620-3A51-44F9-B389-89D4C0769A3A}.SingleImage|Any CPU.ActiveCfg = Release|x86
		{E3DAA620-3A51-44F9-B389-89D4C0769A3A}.SingleImage|Mixed Platforms.ActiveCfg = Release|x86
		{E3DAA620-3A51-44F9-B389-89D4C0769A3A}.SingleImage|Mixed Platforms.Build.0 = Release|x86
		{E3DAA620-3A51-44F9-B389-89D4C0769A3A}.SingleImage|x86.ActiveCfg = Release|x86
		{E3DAA620-3A51-44F9-B389-89D4C0769A3A}.SingleImage|x86.Build.0 = Release|x86
		{E3DAA620-3A51-44F9-B389-89D4C0769A3A}.WebDeployment|Any CPU.ActiveCfg = Release|x86
		{E3DAA620-3A51-44F9-B389-89D4C0769A3A}.WebDeployment|Mixed Platforms.ActiveCfg = Release|x86
		{E3DAA620-3A51-44F9-B389-89D4C0769A3A}.WebDeployment|Mixed Platforms.Build.0 = Release|x86
		{E3DAA620-3A51-44F9-B389-89D4C0769A3A}.WebDeployment|x86.ActiveCfg = Release|x86
		{E3DAA620-3A51-44F9-B389-89D4C0769A3A}.WebDeployment|x86.Build.0 = Release|x86
	EndGlobalSection
	GlobalSection(SolutionProperties) = preSolution
		HideSolutionNode = FALSE
	EndGlobalSection
EndGlobal
